
Microsoft Visual Studio Solution File, Format Version 12.00
# Visual Studio 2013
VisualStudioVersion = 12.0.31101.0
MinimumVisualStudioVersion = 10.0.40219.1
Project("{FAE04EC0-301F-11D3-BF4B-00C04F79EFBC}") = "MatrixLed", "MatrixLed\MatrixLed\MatrixLed.csproj", "{BA4421C1-DDDB-46A8-9244-CA97D30BB1CF}"
EndProject
Project("{FAE04EC0-301F-11D3-BF4B-00C04F79EFBC}") = "MatrixLed.iOS", "MatrixLed\MatrixLed.iOS\MatrixLed.iOS.csproj", "{17519B4D-DA73-46BC-8800-0B65D2DAE4AF}"
EndProject
Project("{FAE04EC0-301F-11D3-BF4B-00C04F79EFBC}") = "MatrixLed.Droid", "MatrixLed\MatrixLed.Droid\MatrixLed.Droid.csproj", "{ACE88247-0985-4531-BC62-C47D1AC833EF}"
EndProject
Project("{FAE04EC0-301F-11D3-BF4B-00C04F79EFBC}") = "MatrixLed.WinPhone", "MatrixLed\MatrixLed.WinPhone\MatrixLed.WinPhone.csproj", "{35A362BD-4211-493E-9632-1B968F47D39C}"
EndProject
Project("{2150E333-8FDC-42A3-9474-1A3956D46DE8}") = "Solution Items", "Solution Items", "{B0DBABE8-28B7-4697-B035-62578BBCD9C1}"
	ProjectSection(SolutionItems) = preProject
		MATRIX.INO.txt = MATRIX.INO.txt
	EndProjectSection
EndProject
Global
	GlobalSection(SolutionConfigurationPlatforms) = preSolution
		Ad-Hoc|Any CPU = Ad-Hoc|Any CPU
		Ad-Hoc|ARM = Ad-Hoc|ARM
		Ad-Hoc|iPhone = Ad-Hoc|iPhone
		Ad-Hoc|iPhoneSimulator = Ad-Hoc|iPhoneSimulator
		Ad-Hoc|Mixed Platforms = Ad-Hoc|Mixed Platforms
		Ad-Hoc|x86 = Ad-Hoc|x86
		AppStore|Any CPU = AppStore|Any CPU
		AppStore|ARM = AppStore|ARM
		AppStore|iPhone = AppStore|iPhone
		AppStore|iPhoneSimulator = AppStore|iPhoneSimulator
		AppStore|Mixed Platforms = AppStore|Mixed Platforms
		AppStore|x86 = AppStore|x86
		Debug|Any CPU = Debug|Any CPU
		Debug|ARM = Debug|ARM
		Debug|iPhone = Debug|iPhone
		Debug|iPhoneSimulator = Debug|iPhoneSimulator
		Debug|Mixed Platforms = Debug|Mixed Platforms
		Debug|x86 = Debug|x86
		Release|Any CPU = Release|Any CPU
		Release|ARM = Release|ARM
		Release|iPhone = Release|iPhone
		Release|iPhoneSimulator = Release|iPhoneSimulator
		Release|Mixed Platforms = Release|Mixed Platforms
		Release|x86 = Release|x86
	EndGlobalSection
	GlobalSection(ProjectConfigurationPlatforms) = postSolution
		{BA4421C1-DDDB-46A8-9244-CA97D30BB1CF}.Ad-Hoc|Any CPU.ActiveCfg = Release|Any CPU
		{BA4421C1-DDDB-46A8-9244-CA97D30BB1CF}.Ad-Hoc|Any CPU.Build.0 = Release|Any CPU
		{BA4421C1-DDDB-46A8-9244-CA97D30BB1CF}.Ad-Hoc|ARM.ActiveCfg = Release|Any CPU
		{BA4421C1-DDDB-46A8-9244-CA97D30BB1CF}.Ad-Hoc|iPhone.ActiveCfg = Release|Any CPU
		{BA4421C1-DDDB-46A8-9244-CA97D30BB1CF}.Ad-Hoc|iPhoneSimulator.ActiveCfg = Release|Any CPU
		{BA4421C1-DDDB-46A8-9244-CA97D30BB1CF}.Ad-Hoc|Mixed Platforms.ActiveCfg = Release|Any CPU
		{BA4421C1-DDDB-46A8-9244-CA97D30BB1CF}.Ad-Hoc|Mixed Platforms.Build.0 = Release|Any CPU
		{BA4421C1-DDDB-46A8-9244-CA97D30BB1CF}.Ad-Hoc|x86.ActiveCfg = Release|Any CPU
		{BA4421C1-DDDB-46A8-9244-CA97D30BB1CF}.AppStore|Any CPU.ActiveCfg = Release|Any CPU
		{BA4421C1-DDDB-46A8-9244-CA97D30BB1CF}.AppStore|Any CPU.Build.0 = Release|Any CPU
		{BA4421C1-DDDB-46A8-9244-CA97D30BB1CF}.AppStore|ARM.ActiveCfg = Release|Any CPU
		{BA4421C1-DDDB-46A8-9244-CA97D30BB1CF}.AppStore|iPhone.ActiveCfg = Release|Any CPU
		{BA4421C1-DDDB-46A8-9244-CA97D30BB1CF}.AppStore|iPhoneSimulator.ActiveCfg = Release|Any CPU
		{BA4421C1-DDDB-46A8-9244-CA97D30BB1CF}.AppStore|Mixed Platforms.ActiveCfg = Release|Any CPU
		{BA4421C1-DDDB-46A8-9244-CA97D30BB1CF}.AppStore|Mixed Platforms.Build.0 = Release|Any CPU
		{BA4421C1-DDDB-46A8-9244-CA97D30BB1CF}.AppStore|x86.ActiveCfg = Release|Any CPU
		{BA4421C1-DDDB-46A8-9244-CA97D30BB1CF}.Debug|Any CPU.ActiveCfg = Debug|Any CPU
		{BA4421C1-DDDB-46A8-9244-CA97D30BB1CF}.Debug|Any CPU.Build.0 = Debug|Any CPU
		{BA4421C1-DDDB-46A8-9244-CA97D30BB1CF}.Debug|ARM.ActiveCfg = Debug|Any CPU
		{BA4421C1-DDDB-46A8-9244-CA97D30BB1CF}.Debug|iPhone.ActiveCfg = Debug|Any CPU
		{BA4421C1-DDDB-46A8-9244-CA97D30BB1CF}.Debug|iPhone.Build.0 = Debug|Any CPU
		{BA4421C1-DDDB-46A8-9244-CA97D30BB1CF}.Debug|iPhoneSimulator.ActiveCfg = Debug|Any CPU
		{BA4421C1-DDDB-46A8-9244-CA97D30BB1CF}.Debug|iPhoneSimulator.Build.0 = Debug|Any CPU
		{BA4421C1-DDDB-46A8-9244-CA97D30BB1CF}.Debug|Mixed Platforms.ActiveCfg = Debug|Any CPU
		{BA4421C1-DDDB-46A8-9244-CA97D30BB1CF}.Debug|Mixed Platforms.Build.0 = Debug|Any CPU
		{BA4421C1-DDDB-46A8-9244-CA97D30BB1CF}.Debug|x86.ActiveCfg = Debug|Any CPU
		{BA4421C1-DDDB-46A8-9244-CA97D30BB1CF}.Release|Any CPU.ActiveCfg = Release|Any CPU
		{BA4421C1-DDDB-46A8-9244-CA97D30BB1CF}.Release|Any CPU.Build.0 = Release|Any CPU
		{BA4421C1-DDDB-46A8-9244-CA97D30BB1CF}.Release|ARM.ActiveCfg = Release|Any CPU
		{BA4421C1-DDDB-46A8-9244-CA97D30BB1CF}.Release|iPhone.ActiveCfg = Release|Any CPU
		{BA4421C1-DDDB-46A8-9244-CA97D30BB1CF}.Release|iPhoneSimulator.ActiveCfg = Release|Any CPU
		{BA4421C1-DDDB-46A8-9244-CA97D30BB1CF}.Release|Mixed Platforms.ActiveCfg = Release|Any CPU
		{BA4421C1-DDDB-46A8-9244-CA97D30BB1CF}.Release|Mixed Platforms.Build.0 = Release|Any CPU
		{BA4421C1-DDDB-46A8-9244-CA97D30BB1CF}.Release|x86.ActiveCfg = Release|Any CPU
		{17519B4D-DA73-46BC-8800-0B65D2DAE4AF}.Ad-Hoc|Any CPU.ActiveCfg = Ad-Hoc|iPhone
		{17519B4D-DA73-46BC-8800-0B65D2DAE4AF}.Ad-Hoc|ARM.ActiveCfg = Ad-Hoc|iPhone
		{17519B4D-DA73-46BC-8800-0B65D2DAE4AF}.Ad-Hoc|iPhone.ActiveCfg = Ad-Hoc|iPhone
		{17519B4D-DA73-46BC-8800-0B65D2DAE4AF}.Ad-Hoc|iPhone.Build.0 = Ad-Hoc|iPhone
		{17519B4D-DA73-46BC-8800-0B65D2DAE4AF}.Ad-Hoc|iPhoneSimulator.ActiveCfg = Ad-Hoc|iPhoneSimulator
		{17519B4D-DA73-46BC-8800-0B65D2DAE4AF}.Ad-Hoc|iPhoneSimulator.Build.0 = Ad-Hoc|iPhoneSimulator
		{17519B4D-DA73-46BC-8800-0B65D2DAE4AF}.Ad-Hoc|Mixed Platforms.ActiveCfg = Ad-Hoc|iPhone
		{17519B4D-DA73-46BC-8800-0B65D2DAE4AF}.Ad-Hoc|Mixed Platforms.Build.0 = Ad-Hoc|iPhone
		{17519B4D-DA73-46BC-8800-0B65D2DAE4AF}.Ad-Hoc|x86.ActiveCfg = Ad-Hoc|iPhone
		{17519B4D-DA73-46BC-8800-0B65D2DAE4AF}.AppStore|Any CPU.ActiveCfg = AppStore|iPhone
		{17519B4D-DA73-46BC-8800-0B65D2DAE4AF}.AppStore|ARM.ActiveCfg = AppStore|iPhone
		{17519B4D-DA73-46BC-8800-0B65D2DAE4AF}.AppStore|iPhone.ActiveCfg = AppStore|iPhone
		{17519B4D-DA73-46BC-8800-0B65D2DAE4AF}.AppStore|iPhone.Build.0 = AppStore|iPhone
		{17519B4D-DA73-46BC-8800-0B65D2DAE4AF}.AppStore|iPhoneSimulator.ActiveCfg = AppStore|iPhoneSimulator
		{17519B4D-DA73-46BC-8800-0B65D2DAE4AF}.AppStore|iPhoneSimulator.Build.0 = AppStore|iPhoneSimulator
		{17519B4D-DA73-46BC-8800-0B65D2DAE4AF}.AppStore|Mixed Platforms.ActiveCfg = AppStore|iPhone
		{17519B4D-DA73-46BC-8800-0B65D2DAE4AF}.AppStore|Mixed Platforms.Build.0 = AppStore|iPhone
		{17519B4D-DA73-46BC-8800-0B65D2DAE4AF}.AppStore|x86.ActiveCfg = AppStore|iPhone
		{17519B4D-DA73-46BC-8800-0B65D2DAE4AF}.Debug|Any CPU.ActiveCfg = Debug|iPhone
		{17519B4D-DA73-46BC-8800-0B65D2DAE4AF}.Debug|ARM.ActiveCfg = Debug|iPhone
		{17519B4D-DA73-46BC-8800-0B65D2DAE4AF}.Debug|iPhone.ActiveCfg = Debug|iPhoneSimulator
		{17519B4D-DA73-46BC-8800-0B65D2DAE4AF}.Debug|iPhone.Build.0 = Debug|iPhoneSimulator
		{17519B4D-DA73-46BC-8800-0B65D2DAE4AF}.Debug|iPhoneSimulator.ActiveCfg = Debug|iPhone
		{17519B4D-DA73-46BC-8800-0B65D2DAE4AF}.Debug|iPhoneSimulator.Build.0 = Debug|iPhone
		{17519B4D-DA73-46BC-8800-0B65D2DAE4AF}.Debug|Mixed Platforms.ActiveCfg = Debug|iPhone
		{17519B4D-DA73-46BC-8800-0B65D2DAE4AF}.Debug|Mixed Platforms.Build.0 = Debug|iPhone
		{17519B4D-DA73-46BC-8800-0B65D2DAE4AF}.Debug|x86.ActiveCfg = Debug|iPhone
		{17519B4D-DA73-46BC-8800-0B65D2DAE4AF}.Release|Any CPU.ActiveCfg = Release|iPhone
		{17519B4D-DA73-46BC-8800-0B65D2DAE4AF}.Release|ARM.ActiveCfg = Release|iPhone
		{17519B4D-DA73-46BC-8800-0B65D2DAE4AF}.Release|iPhone.ActiveCfg = Release|iPhone
		{17519B4D-DA73-46BC-8800-0B65D2DAE4AF}.Release|iPhone.Build.0 = Release|iPhone
		{17519B4D-DA73-46BC-8800-0B65D2DAE4AF}.Release|iPhoneSimulator.ActiveCfg = Release|iPhoneSimulator
		{17519B4D-DA73-46BC-8800-0B65D2DAE4AF}.Release|iPhoneSimulator.Build.0 = Release|iPhoneSimulator
		{17519B4D-DA73-46BC-8800-0B65D2DAE4AF}.Release|Mixed Platforms.ActiveCfg = Release|iPhone
		{17519B4D-DA73-46BC-8800-0B65D2DAE4AF}.Release|Mixed Platforms.Build.0 = Release|iPhone
		{17519B4D-DA73-46BC-8800-0B65D2DAE4AF}.Release|x86.ActiveCfg = Release|iPhone
		{ACE88247-0985-4531-BC62-C47D1AC833EF}.Ad-Hoc|Any CPU.ActiveCfg = Release|Any CPU
		{ACE88247-0985-4531-BC62-C47D1AC833EF}.Ad-Hoc|Any CPU.Build.0 = Release|Any CPU
		{ACE88247-0985-4531-BC62-C47D1AC833EF}.Ad-Hoc|Any CPU.Deploy.0 = Release|Any CPU
		{ACE88247-0985-4531-BC62-C47D1AC833EF}.Ad-Hoc|ARM.ActiveCfg = Release|Any CPU
		{ACE88247-0985-4531-BC62-C47D1AC833EF}.Ad-Hoc|iPhone.ActiveCfg = Release|Any CPU
		{ACE88247-0985-4531-BC62-C47D1AC833EF}.Ad-Hoc|iPhoneSimulator.ActiveCfg = Release|Any CPU
		{ACE88247-0985-4531-BC62-C47D1AC833EF}.Ad-Hoc|Mixed Platforms.ActiveCfg = Release|Any CPU
		{ACE88247-0985-4531-BC62-C47D1AC833EF}.Ad-Hoc|Mixed Platforms.Build.0 = Release|Any CPU
		{ACE88247-0985-4531-BC62-C47D1AC833EF}.Ad-Hoc|Mixed Platforms.Deploy.0 = Release|Any CPU
		{ACE88247-0985-4531-BC62-C47D1AC833EF}.Ad-Hoc|x86.ActiveCfg = Release|Any CPU
		{ACE88247-0985-4531-BC62-C47D1AC833EF}.AppStore|Any CPU.ActiveCfg = Release|Any CPU
		{ACE88247-0985-4531-BC62-C47D1AC833EF}.AppStore|Any CPU.Build.0 = Release|Any CPU
		{ACE88247-0985-4531-BC62-C47D1AC833EF}.AppStore|Any CPU.Deploy.0 = Release|Any CPU
		{ACE88247-0985-4531-BC62-C47D1AC833EF}.AppStore|ARM.ActiveCfg = Release|Any CPU
		{ACE88247-0985-4531-BC62-C47D1AC833EF}.AppStore|iPhone.ActiveCfg = Release|Any CPU
		{ACE88247-0985-4531-BC62-C47D1AC833EF}.AppStore|iPhoneSimulator.ActiveCfg = Release|Any CPU
		{ACE88247-0985-4531-BC62-C47D1AC833EF}.AppStore|Mixed Platforms.ActiveCfg = Release|Any CPU
		{ACE88247-0985-4531-BC62-C47D1AC833EF}.AppStore|Mixed Platforms.Build.0 = Release|Any CPU
		{ACE88247-0985-4531-BC62-C47D1AC833EF}.AppStore|Mixed Platforms.Deploy.0 = Release|Any CPU
		{ACE88247-0985-4531-BC62-C47D1AC833EF}.AppStore|x86.ActiveCfg = Release|Any CPU
		{ACE88247-0985-4531-BC62-C47D1AC833EF}.Debug|Any CPU.ActiveCfg = Debug|Any CPU
		{ACE88247-0985-4531-BC62-C47D1AC833EF}.Debug|Any CPU.Build.0 = Debug|Any CPU
		{ACE88247-0985-4531-BC62-C47D1AC833EF}.Debug|Any CPU.Deploy.0 = Debug|Any CPU
		{ACE88247-0985-4531-BC62-C47D1AC833EF}.Debug|ARM.ActiveCfg = Debug|Any CPU
		{ACE88247-0985-4531-BC62-C47D1AC833EF}.Debug|iPhone.ActiveCfg = Debug|Any CPU
		{ACE88247-0985-4531-BC62-C47D1AC833EF}.Debug|iPhone.Build.0 = Debug|Any CPU
		{ACE88247-0985-4531-BC62-C47D1AC833EF}.Debug|iPhone.Deploy.0 = Debug|Any CPU
		{ACE88247-0985-4531-BC62-C47D1AC833EF}.Debug|iPhoneSimulator.ActiveCfg = Debug|Any CPU
		{ACE88247-0985-4531-BC62-C47D1AC833EF}.Debug|iPhoneSimulator.Build.0 = Debug|Any CPU
		{ACE88247-0985-4531-BC62-C47D1AC833EF}.Debug|iPhoneSimulator.Deploy.0 = Debug|Any CPU
		{ACE88247-0985-4531-BC62-C47D1AC833EF}.Debug|Mixed Platforms.ActiveCfg = Debug|Any CPU
		{ACE88247-0985-4531-BC62-C47D1AC833EF}.Debug|Mixed Platforms.Build.0 = Debug|Any CPU
		{ACE88247-0985-4531-BC62-C47D1AC833EF}.Debug|Mixed Platforms.Deploy.0 = Debug|Any CPU
		{ACE88247-0985-4531-BC62-C47D1AC833EF}.Debug|x86.ActiveCfg = Debug|Any CPU
		{ACE88247-0985-4531-BC62-C47D1AC833EF}.Release|Any CPU.ActiveCfg = Release|Any CPU
		{ACE88247-0985-4531-BC62-C47D1AC833EF}.Release|Any CPU.Build.0 = Release|Any CPU
		{ACE88247-0985-4531-BC62-C47D1AC833EF}.Release|Any CPU.Deploy.0 = Release|Any CPU
		{ACE88247-0985-4531-BC62-C47D1AC833EF}.Release|ARM.ActiveCfg = Release|Any CPU
		{ACE88247-0985-4531-BC62-C47D1AC833EF}.Release|iPhone.ActiveCfg = Release|Any CPU
		{ACE88247-0985-4531-BC62-C47D1AC833EF}.Release|iPhoneSimulator.ActiveCfg = Release|Any CPU
		{ACE88247-0985-4531-BC62-C47D1AC833EF}.Release|Mixed Platforms.ActiveCfg = Release|Any CPU
		{ACE88247-0985-4531-BC62-C47D1AC833EF}.Release|Mixed Platforms.Build.0 = Release|Any CPU
		{ACE88247-0985-4531-BC62-C47D1AC833EF}.Release|Mixed Platforms.Deploy.0 = Release|Any CPU
		{ACE88247-0985-4531-BC62-C47D1AC833EF}.Release|x86.ActiveCfg = Release|Any CPU
		{35A362BD-4211-493E-9632-1B968F47D39C}.Ad-Hoc|Any CPU.ActiveCfg = Release|Any CPU
		{35A362BD-4211-493E-9632-1B968F47D39C}.Ad-Hoc|Any CPU.Build.0 = Release|Any CPU
		{35A362BD-4211-493E-9632-1B968F47D39C}.Ad-Hoc|Any CPU.Deploy.0 = Release|Any CPU
		{35A362BD-4211-493E-9632-1B968F47D39C}.Ad-Hoc|ARM.ActiveCfg = Release|ARM
		{35A362BD-4211-493E-9632-1B968F47D39C}.Ad-Hoc|ARM.Build.0 = Release|ARM
		{35A362BD-4211-493E-9632-1B968F47D39C}.Ad-Hoc|ARM.Deploy.0 = Release|ARM
		{35A362BD-4211-493E-9632-1B968F47D39C}.Ad-Hoc|iPhone.ActiveCfg = Release|Any CPU
		{35A362BD-4211-493E-9632-1B968F47D39C}.Ad-Hoc|iPhoneSimulator.ActiveCfg = Release|Any CPU
		{35A362BD-4211-493E-9632-1B968F47D39C}.Ad-Hoc|Mixed Platforms.ActiveCfg = Release|x86
		{35A362BD-4211-493E-9632-1B968F47D39C}.Ad-Hoc|Mixed Platforms.Build.0 = Release|x86
		{35A362BD-4211-493E-9632-1B968F47D39C}.Ad-Hoc|Mixed Platforms.Deploy.0 = Release|x86
		{35A362BD-4211-493E-9632-1B968F47D39C}.Ad-Hoc|x86.ActiveCfg = Release|x86
		{35A362BD-4211-493E-9632-1B968F47D39C}.Ad-Hoc|x86.Build.0 = Release|x86
		{35A362BD-4211-493E-9632-1B968F47D39C}.Ad-Hoc|x86.Deploy.0 = Release|x86
		{35A362BD-4211-493E-9632-1B968F47D39C}.AppStore|Any CPU.ActiveCfg = Release|Any CPU
		{35A362BD-4211-493E-9632-1B968F47D39C}.AppStore|Any CPU.Build.0 = Release|Any CPU
		{35A362BD-4211-493E-9632-1B968F47D39C}.AppStore|Any CPU.Deploy.0 = Release|Any CPU
		{35A362BD-4211-493E-9632-1B968F47D39C}.AppStore|ARM.ActiveCfg = Release|ARM
		{35A362BD-4211-493E-9632-1B968F47D39C}.AppStore|ARM.Build.0 = Release|ARM
		{35A362BD-4211-493E-9632-1B968F47D39C}.AppStore|ARM.Deploy.0 = Release|ARM
		{35A362BD-4211-493E-9632-1B968F47D39C}.AppStore|iPhone.ActiveCfg = Release|Any CPU
		{35A362BD-4211-493E-9632-1B968F47D39C}.AppStore|iPhoneSimulator.ActiveCfg = Release|Any CPU
		{35A362BD-4211-493E-9632-1B968F47D39C}.AppStore|Mixed Platforms.ActiveCfg = Release|x86
		{35A362BD-4211-493E-9632-1B968F47D39C}.AppStore|Mixed Platforms.Build.0 = Release|x86
		{35A362BD-4211-493E-9632-1B968F47D39C}.AppStore|Mixed Platforms.Deploy.0 = Release|x86
		{35A362BD-4211-493E-9632-1B968F47D39C}.AppStore|x86.ActiveCfg = Release|x86
		{35A362BD-4211-493E-9632-1B968F47D39C}.AppStore|x86.Build.0 = Release|x86
		{35A362BD-4211-493E-9632-1B968F47D39C}.AppStore|x86.Deploy.0 = Release|x86
		{35A362BD-4211-493E-9632-1B968F47D39C}.Debug|Any CPU.ActiveCfg = Debug|Any CPU
		{35A362BD-4211-493E-9632-1B968F47D39C}.Debug|Any CPU.Build.0 = Debug|Any CPU
		{35A362BD-4211-493E-9632-1B968F47D39C}.Debug|Any CPU.Deploy.0 = Debug|Any CPU
		{35A362BD-4211-493E-9632-1B968F47D39C}.Debug|ARM.ActiveCfg = Debug|ARM
		{35A362BD-4211-493E-9632-1B968F47D39C}.Debug|ARM.Build.0 = Debug|ARM
		{35A362BD-4211-493E-9632-1B968F47D39C}.Debug|ARM.Deploy.0 = Debug|ARM
		{35A362BD-4211-493E-9632-1B968F47D39C}.Debug|iPhone.ActiveCfg = Debug|Any CPU
		{35A362BD-4211-493E-9632-1B968F47D39C}.Debug|iPhone.Build.0 = Debug|Any CPU
		{35A362BD-4211-493E-9632-1B968F47D39C}.Debug|iPhone.Deploy.0 = Debug|Any CPU
		{35A362BD-4211-493E-9632-1B968F47D39C}.Debug|iPhoneSimulator.ActiveCfg = Debug|Any CPU
		{35A362BD-4211-493E-9632-1B968F47D39C}.Debug|iPhoneSimulator.Build.0 = Debug|Any CPU
		{35A362BD-4211-493E-9632-1B968F47D39C}.Debug|iPhoneSimulator.Deploy.0 = Debug|Any CPU
		{35A362BD-4211-493E-9632-1B968F47D39C}.Debug|Mixed Platforms.ActiveCfg = Debug|x86
		{35A362BD-4211-493E-9632-1B968F47D39C}.Debug|Mixed Platforms.Build.0 = Debug|x86
		{35A362BD-4211-493E-9632-1B968F47D39C}.Debug|Mixed Platforms.Deploy.0 = Debug|x86
		{35A362BD-4211-493E-9632-1B968F47D39C}.Debug|x86.ActiveCfg = Debug|x86
		{35A362BD-4211-493E-9632-1B968F47D39C}.Debug|x86.Build.0 = Debug|x86
		{35A362BD-4211-493E-9632-1B968F47D39C}.Debug|x86.Deploy.0 = Debug|x86
		{35A362BD-4211-493E-9632-1B968F47D39C}.Release|Any CPU.ActiveCfg = Release|Any CPU
		{35A362BD-4211-493E-9632-1B968F47D39C}.Release|Any CPU.Build.0 = Release|Any CPU
		{35A362BD-4211-493E-9632-1B968F47D39C}.Release|Any CPU.Deploy.0 = Release|Any CPU
		{35A362BD-4211-493E-9632-1B968F47D39C}.Release|ARM.ActiveCfg = Release|ARM
		{35A362BD-4211-493E-9632-1B968F47D39C}.Release|ARM.Build.0 = Release|ARM
		{35A362BD-4211-493E-9632-1B968F47D39C}.Release|ARM.Deploy.0 = Release|ARM
		{35A362BD-4211-493E-9632-1B968F47D39C}.Release|iPhone.ActiveCfg = Release|Any CPU
		{35A362BD-4211-493E-9632-1B968F47D39C}.Release|iPhoneSimulator.ActiveCfg = Release|Any CPU
		{35A362BD-4211-493E-9632-1B968F47D39C}.Release|Mixed Platforms.ActiveCfg = Release|x86
		{35A362BD-4211-493E-9632-1B968F47D39C}.Release|Mixed Platforms.Build.0 = Release|x86
		{35A362BD-4211-493E-9632-1B968F47D39C}.Release|Mixed Platforms.Deploy.0 = Release|x86
		{35A362BD-4211-493E-9632-1B968F47D39C}.Release|x86.ActiveCfg = Release|x86
		{35A362BD-4211-493E-9632-1B968F47D39C}.Release|x86.Build.0 = Release|x86
		{35A362BD-4211-493E-9632-1B968F47D39C}.Release|x86.Deploy.0 = Release|x86
	EndGlobalSection
	GlobalSection(SolutionProperties) = preSolution
		HideSolutionNode = FALSE
	EndGlobalSection
EndGlobal
